
Microsoft Visual Studio Solution File, Format Version 12.00
# Visual Studio Version 17
VisualStudioVersion = 17.8.34330.188
MinimumVisualStudioVersion = 10.0.40219.1
Project("{FAE04EC0-301F-11D3-BF4B-00C04F79EFBC}") = "ApiGestionDeudas.Api", "ApiGestionDeudas.Api\ApiGestionDeudas.Api.csproj", "{BC018E65-C714-46B6-BF2C-A5525C0F8053}"
EndProject
Project("{FAE04EC0-301F-11D3-BF4B-00C04F79EFBC}") = "ApiGestionDeudas.Domain", "ApiGestionDeudas.Domain\ApiGestionDeudas.Domain.csproj", "{7284A13C-4FC8-4F0D-A8E0-AD35A72AA645}"
EndProject
Project("{FAE04EC0-301F-11D3-BF4B-00C04F79EFBC}") = "ApiGestionDeudas.Infrastructure", "ApiGestionDeudas.Infrastructure\ApiGestionDeudas.Infrastructure.csproj", "{B7D2A6C6-7507-4BF1-BBDA-A3BCB1462EF7}"
EndProject
Project("{FAE04EC0-301F-11D3-BF4B-00C04F79EFBC}") = "ApiGestionDeudas.Application", "ApiGestionDeudas.Application\ApiGestionDeudas.Application.csproj", "{00BDA4DD-0F5A-40E6-9D3B-70B8CE1BF920}"
EndProject
Global
	GlobalSection(SolutionConfigurationPlatforms) = preSolution
		Debug|Any CPU = Debug|Any CPU
		Release|Any CPU = Release|Any CPU
	EndGlobalSection
	GlobalSection(ProjectConfigurationPlatforms) = postSolution
		{BC018E65-C714-46B6-BF2C-A5525C0F8053}.Debug|Any CPU.ActiveCfg = Debug|Any CPU
		{BC018E65-C714-46B6-BF2C-A5525C0F8053}.Debug|Any CPU.Build.0 = Debug|Any CPU
		{BC018E65-C714-46B6-BF2C-A5525C0F8053}.Release|Any CPU.ActiveCfg = Release|Any CPU
		{BC018E65-C714-46B6-BF2C-A5525C0F8053}.Release|Any CPU.Build.0 = Release|Any CPU
		{7284A13C-4FC8-4F0D-A8E0-AD35A72AA645}.Debug|Any CPU.ActiveCfg = Debug|Any CPU
		{7284A13C-4FC8-4F0D-A8E0-AD35A72AA645}.Debug|Any CPU.Build.0 = Debug|Any CPU
		{7284A13C-4FC8-4F0D-A8E0-AD35A72AA645}.Release|Any CPU.ActiveCfg = Release|Any CPU
		{7284A13C-4FC8-4F0D-A8E0-AD35A72AA645}.Release|Any CPU.Build.0 = Release|Any CPU
		{B7D2A6C6-7507-4BF1-BBDA-A3BCB1462EF7}.Debug|Any CPU.ActiveCfg = Debug|Any CPU
		{B7D2A6C6-7507-4BF1-BBDA-A3BCB1462EF7}.Debug|Any CPU.Build.0 = Debug|Any CPU
		{B7D2A6C6-7507-4BF1-BBDA-A3BCB1462EF7}.Release|Any CPU.ActiveCfg = Release|Any CPU
		{B7D2A6C6-7507-4BF1-BBDA-A3BCB1462EF7}.Release|Any CPU.Build.0 = Release|Any CPU
		{00BDA4DD-0F5A-40E6-9D3B-70B8CE1BF920}.Debug|Any CPU.ActiveCfg = Debug|Any CPU
		{00BDA4DD-0F5A-40E6-9D3B-70B8CE1BF920}.Debug|Any CPU.Build.0 = Debug|Any CPU
		{00BDA4DD-0F5A-40E6-9D3B-70B8CE1BF920}.Release|Any CPU.ActiveCfg = Release|Any CPU
		{00BDA4DD-0F5A-40E6-9D3B-70B8CE1BF920}.Release|Any CPU.Build.0 = Release|Any CPU
	EndGlobalSection
	GlobalSection(SolutionProperties) = preSolution
		HideSolutionNode = FALSE
	EndGlobalSection
	GlobalSection(ExtensibilityGlobals) = postSolution
		SolutionGuid = {606CA9F5-F107-468B-85B0-2F19FC7A4CCB}
	EndGlobalSection
EndGlobal
